# This file is generated by running "yarn install" inside your project.
# Manual changes might be lost - proceed with caution!

__metadata:
  version: 5
  cacheKey: 8

"@babel/helper-validator-identifier@npm:^7.16.7":
  version: 7.16.7
  resolution: "@babel/helper-validator-identifier@npm:7.16.7"
  checksum: dbb3db9d184343152520a209b5684f5e0ed416109cde82b428ca9c759c29b10c7450657785a8b5c5256aa74acc6da491c1f0cf6b784939f7931ef82982051b69
  languageName: node
  linkType: hard

"@babel/parser@npm:^7.16.4":
  version: 7.16.8
  resolution: "@babel/parser@npm:7.16.8"
  bin:
    parser: ./bin/babel-parser.js
  checksum: f6bc2eb1f298fcb81db34c2d343fd05d8c59dbc5419a88c1cb4d298c7a3863e4d54f5a4f38a40e1aa979e4ce355816348730b471c1d787d424ed52b270fc7be0
  languageName: node
  linkType: hard

"@babel/types@npm:^7.8.3":
  version: 7.16.8
  resolution: "@babel/types@npm:7.16.8"
  dependencies:
    "@babel/helper-validator-identifier": ^7.16.7
    to-fast-properties: ^2.0.0
  checksum: 4f6a187b2924df70e21d6e6c0822f91b1b936fe060bc92bb477b93bd8a712c88fe41a73f85c0ec53b033353374fe33e773b04ffc340ad36afd8f647dd05c4ee1
  languageName: node
  linkType: hard

"@vue/compiler-core@npm:3.2.26":
  version: 3.2.26
  resolution: "@vue/compiler-core@npm:3.2.26"
  dependencies:
    "@babel/parser": ^7.16.4
    "@vue/shared": 3.2.26
    estree-walker: ^2.0.2
    source-map: ^0.6.1
  checksum: 5ee694b573ff556a8d3c92f40c419da88a9ee1212aa0a52c17e101edbcc12fb2efb97eda9ecb46c2e5ce9e36f5d78b299a6e6321bd2739f57b25dbb4dba6d3e1
  languageName: node
  linkType: hard

"@vue/compiler-dom@npm:3.2.26":
  version: 3.2.26
  resolution: "@vue/compiler-dom@npm:3.2.26"
  dependencies:
    "@vue/compiler-core": 3.2.26
    "@vue/shared": 3.2.26
  checksum: 46f49ab75c7d85ea81d7100baab4ea7cb8c71b3ff51deb90ba3334586831ecc626cf57e91e1b890b536153139aba3713bb9076919c0f711c2ed8578a67ddeae6
  languageName: node
  linkType: hard

"@vue/compiler-sfc@npm:3.2.26":
  version: 3.2.26
  resolution: "@vue/compiler-sfc@npm:3.2.26"
  dependencies:
    "@babel/parser": ^7.16.4
    "@vue/compiler-core": 3.2.26
    "@vue/compiler-dom": 3.2.26
    "@vue/compiler-ssr": 3.2.26
    "@vue/reactivity-transform": 3.2.26
    "@vue/shared": 3.2.26
    estree-walker: ^2.0.2
    magic-string: ^0.25.7
    postcss: ^8.1.10
    source-map: ^0.6.1
  checksum: 902531974b43675c0066476df42bc2e9e550a52298f72d0b882feff5821a8d78ca1d2917538b195e3b8364c081cdcf9ef19ecab9d93199284eecf8e254172a3e
  languageName: node
  linkType: hard

"@vue/compiler-ssr@npm:3.2.26":
  version: 3.2.26
  resolution: "@vue/compiler-ssr@npm:3.2.26"
  dependencies:
    "@vue/compiler-dom": 3.2.26
    "@vue/shared": 3.2.26
  checksum: 15e057a7ea04b0e58d1f38dfe002dd39b368d1dc7edf4208b6e63d06c00a2778784f564050e2f6d77d8886f04506134f6ea45ae00dc74603561e5bbe4e9f7ec6
  languageName: node
  linkType: hard

"@vue/reactivity-transform@npm:3.2.26":
  version: 3.2.26
  resolution: "@vue/reactivity-transform@npm:3.2.26"
  dependencies:
    "@babel/parser": ^7.16.4
    "@vue/compiler-core": 3.2.26
    "@vue/shared": 3.2.26
    estree-walker: ^2.0.2
    magic-string: ^0.25.7
  checksum: 773aebb0efb34121688263f7cb0b7fa980b2da257ab49b6a49fd48db721b375f07401a86ca47524846c6422abe15ec81ae463f2eef914f1fdc7a4913b28e8ae6
  languageName: node
  linkType: hard

"@vue/reactivity@npm:3.2.26":
  version: 3.2.26
  resolution: "@vue/reactivity@npm:3.2.26"
  dependencies:
    "@vue/shared": 3.2.26
  checksum: b51a2f0556386c91cfc414077dfdbb64ff26301e1a7a4fe18409cd165d288121b07c4ee09453e2b931052d9dcdce846f5ba38a63e8caf418eb2679dc88cd279d
  languageName: node
  linkType: hard

"@vue/runtime-core@npm:3.2.26":
  version: 3.2.26
  resolution: "@vue/runtime-core@npm:3.2.26"
  dependencies:
    "@vue/reactivity": 3.2.26
    "@vue/shared": 3.2.26
  checksum: b23eade843f6438bf1f01c5da35aaa4a68c5d201f2b395b67c9ef02ac64ebdc48e5699a672b0f0030edf0f3a3c609b1362ec62ecb6efdfe34b98b1b9002ff412
  languageName: node
  linkType: hard

"@vue/runtime-dom@npm:3.2.26":
  version: 3.2.26
  resolution: "@vue/runtime-dom@npm:3.2.26"
  dependencies:
    "@vue/runtime-core": 3.2.26
    "@vue/shared": 3.2.26
    csstype: ^2.6.8
  checksum: d8587f0d40062a1f9083f4fda873b4d27964716603433f2340a8e73e2685fa279ec7f2c6921deafcf56d94771a6840362ac23d5f78c37ea0f3f105a02ab1b51d
  languageName: node
  linkType: hard

"@vue/server-renderer@npm:3.2.26":
  version: 3.2.26
  resolution: "@vue/server-renderer@npm:3.2.26"
  dependencies:
    "@vue/compiler-ssr": 3.2.26
    "@vue/shared": 3.2.26
  peerDependencies:
    vue: 3.2.26
  checksum: 091ba3b291dc15b3d8bae65873abde371bb80777954439d25a5d6ec5bad9fd732bdcc3dfb559d661f6025f03ceadd1b6ad74e67255a92da67c075017b64ff86f
  languageName: node
  linkType: hard

"@vue/shared@npm:3.2.26":
  version: 3.2.26
  resolution: "@vue/shared@npm:3.2.26"
  checksum: 2e21fe586cfcd07aa1d0cd546ec1a0f1cd65c5a9d16d03ef53f5672962a9b79b6ef864c55f503ed45e4391b2dd5d33d418b3d7e6466d43b132fbcd32517383d6
  languageName: node
  linkType: hard

"csstype@npm:^2.6.8":
  version: 2.6.19
  resolution: "csstype@npm:2.6.19"
  checksum: 72b51ddd30ba308d08373cd890e79526efdc19a9762941845040055f75353992f2d8d4cf4db282a8e1d3d9d2a39c989c65fe32b7b2655f08d313660c4048d2d6
  languageName: node
  linkType: hard

"estree-walker@npm:^2.0.2":
  version: 2.0.2
  resolution: "estree-walker@npm:2.0.2"
  checksum: 6151e6f9828abe2259e57f5fd3761335bb0d2ebd76dc1a01048ccee22fabcfef3c0859300f6d83ff0d1927849368775ec5a6d265dde2f6de5a1be1721cd94efc
  languageName: node
  linkType: hard

"magic-string@npm:^0.25.7":
  version: 0.25.7
  resolution: "magic-string@npm:0.25.7"
  dependencies:
    sourcemap-codec: ^1.4.4
  checksum: 727a1fb70f9610304fe384f1df0251eb7d1d9dd779c07ef1225690361b71b216f26f5d934bfb11c919b5b0e7ba50f6240c823a6f2e44cfd33d4a07d7747ca829
  languageName: node
  linkType: hard

"nanoid@npm:^3.1.30":
  version: 3.1.31
  resolution: "nanoid@npm:3.1.31"
  bin:
    nanoid: bin/nanoid.cjs
  checksum: 3e9fddc1619cc8f787f37fa3d26c072049b7105af4d5365dae32adce13250e29dfab2d2b061f3798b2dd3cc0dee663917a63032979df56ef64c15c287748ab99
  languageName: node
  linkType: hard

"picocolors@npm:^1.0.0":
  version: 1.0.0
  resolution: "picocolors@npm:1.0.0"
  checksum: a2e8092dd86c8396bdba9f2b5481032848525b3dc295ce9b57896f931e63fc16f79805144321f72976383fc249584672a75cc18d6777c6b757603f372f745981
  languageName: node
  linkType: hard

"postcss@npm:^8.1.10":
  version: 8.4.5
  resolution: "postcss@npm:8.4.5"
  dependencies:
    nanoid: ^3.1.30
    picocolors: ^1.0.0
    source-map-js: ^1.0.1
  checksum: b78abdd89c10f7b48f4bdcd376104a19d6e9c7495ab521729bdb3df315af6c211360e9f06887ad3bc0ab0f61a04b91d68ea11462997c79cced58b9ccd66fac07
  languageName: node
  linkType: hard

"source-map-js@npm:^1.0.1":
  version: 1.0.1
  resolution: "source-map-js@npm:1.0.1"
  checksum: 22606113d62bbd468712b0cb0c46e9a8629de7eb081049c62a04d977a211abafd7d61455617f8b78daba0b6c0c7e7c88f8c6b5aaeacffac0a6676ecf5caac5ce
  languageName: node
  linkType: hard

"source-map@npm:^0.6.1":
  version: 0.6.1
  resolution: "source-map@npm:0.6.1"
  checksum: 59ce8640cf3f3124f64ac289012c2b8bd377c238e316fb323ea22fbfe83da07d81e000071d7242cad7a23cd91c7de98e4df8830ec3f133cb6133a5f6e9f67bc2
  languageName: node
  linkType: hard

"sourcemap-codec@npm:^1.4.4":
  version: 1.4.8
  resolution: "sourcemap-codec@npm:1.4.8"
  checksum: b57981c05611afef31605732b598ccf65124a9fcb03b833532659ac4d29ac0f7bfacbc0d6c5a28a03e84c7510e7e556d758d0bb57786e214660016fb94279316
  languageName: node
  linkType: hard

"stateManager@workspace:.":
  version: 0.0.0-use.local
  resolution: "stateManager@workspace:."
  dependencies:
    vue: ^3.0.0
    vue-demi: ^0.12.1
  peerDependencies:
    "@vue/composition-api": ^1.0.0-rc.1
    vue: "*"
  languageName: unknown
  linkType: soft

"to-fast-properties@npm:^2.0.0":
  version: 2.0.0
  resolution: "to-fast-properties@npm:2.0.0"
  checksum: be2de62fe58ead94e3e592680052683b1ec986c72d589e7b21e5697f8744cdbf48c266fa72f6c15932894c10187b5f54573a3bcf7da0bfd964d5caf23d436168
  languageName: node
  linkType: hard

"vue-demi@npm:^0.12.1":
  version: 0.12.1
  resolution: "vue-demi@npm:0.12.1"
  peerDependencies:
    "@vue/composition-api": ^1.0.0-rc.1
    vue: ^3.0.0-0 || ^2.6.0
  peerDependenciesMeta:
    "@vue/composition-api":
      optional: true
  bin:
    vue-demi-fix: bin/vue-demi-fix.js
    vue-demi-switch: bin/vue-demi-switch.js
  checksum: d39a43e765e5bc34cf5b378ccff53a521e824f8c55aae6a9163c294364e8af593c5331b3b3b1b679b28096a3142abed5aed07e2dfb581c96f2eba88a176666f2
  languageName: node
  linkType: hard

"vue@npm:^3.0.0":
  version: 3.2.26
  resolution: "vue@npm:3.2.26"
  dependencies:
    "@vue/compiler-dom": 3.2.26
    "@vue/compiler-sfc": 3.2.26
    "@vue/runtime-dom": 3.2.26
    "@vue/server-renderer": 3.2.26
    "@vue/shared": 3.2.26
  checksum: e9423c5eb106b0c821f43eb4a0c8c1e2f42b78861a8b488479108641b46a19fd88cff278e9645a6e2fcaa6a2865cfe5c63044a936a4a2876963789634740230c
  languageName: node
  linkType: hard
